
Microsoft Visual Studio Solution File, Format Version 12.00
# Visual Studio Version 17
VisualStudioVersion = 17.0.31903.59
MinimumVisualStudioVersion = 10.0.40219.1
Project("{2150E333-8FDC-42A3-9474-1A3956D46DE8}") = "src", "src", "{37234D29-7EC4-4D82-8321-1920EB3F7497}"
EndProject
Project("{FAE04EC0-301F-11D3-BF4B-00C04F79EFBC}") = "Dalapagos.Tunneling.Core", "src\Dalapagos.Tunneling.Core\Dalapagos.Tunneling.Core.csproj", "{9F69F5D9-7DF7-4E1E-853F-485FFC677E59}"
EndProject
Project("{FAE04EC0-301F-11D3-BF4B-00C04F79EFBC}") = "Dalapagos.Tunneling.Api", "src\Dalapagos.Tunneling.Api\Dalapagos.Tunneling.Api.csproj", "{C22D01A3-999F-4F0B-855E-4F75821013AB}"
EndProject
Project("{2150E333-8FDC-42A3-9474-1A3956D46DE8}") = "Core", "Core", "{06D17307-7FB2-4E12-BF2B-59DBC5D3006A}"
EndProject
Project("{2150E333-8FDC-42A3-9474-1A3956D46DE8}") = "Presentation", "Presentation", "{DF2755DB-9E1A-41E1-B30F-1164B2B50805}"
EndProject
Project("{2150E333-8FDC-42A3-9474-1A3956D46DE8}") = "Infrastructure", "Infrastructure", "{84B5101B-040B-4171-AA19-B54EA6E4474B}"
EndProject
Project("{FAE04EC0-301F-11D3-BF4B-00C04F79EFBC}") = "Dalapagos.Tunneling.Repository.EF", "src\Dalapagos.Tunneling.Repository.EF\Dalapagos.Tunneling.Repository.EF.csproj", "{F6B09A3F-1FB8-485F-B4AD-860A41EBEFFE}"
EndProject
Project("{2150E333-8FDC-42A3-9474-1A3956D46DE8}") = "Tests", "Tests", "{BEE30165-7AAF-414F-919F-2C4E3DF3043F}"
EndProject
Project("{2150E333-8FDC-42A3-9474-1A3956D46DE8}") = "ci", "ci", "{28B2EB13-935E-49B9-AA4F-111EB18D5116}"
EndProject
Project("{FAE04EC0-301F-11D3-BF4B-00C04F79EFBC}") = "Dalapagos.Tunneling.Monitor.HF", "src\Dalapagos.Tunneling.Monitor.HF\Dalapagos.Tunneling.Monitor.HF.csproj", "{E283F624-AA2B-46A8-8127-E3C6542AB3A8}"
EndProject
Project("{FAE04EC0-301F-11D3-BF4B-00C04F79EFBC}") = "Dalapagos.Tunneling.Rport", "src\Dalapagos.Tunneling.Rport\Dalapagos.Tunneling.Rport.csproj", "{755CD2BF-7015-48B2-93F0-E4E6BBD6FEC9}"
EndProject
Project("{FAE04EC0-301F-11D3-BF4B-00C04F79EFBC}") = "Dalapagos.Tunneling.Secrets.KeyVault", "src\Dalapagos.Tunneling.Secrets.KeyVault\Dalapagos.Tunneling.Secrets.KeyVault.csproj", "{E26B94FC-4B44-4300-9FCA-E15191ACEEFA}"
EndProject
Project("{FAE04EC0-301F-11D3-BF4B-00C04F79EFBC}") = "Dalapagos.Tunneling.Api.Tests", "src\Tests\Dalapagos.Tunneling.Api.Tests\Dalapagos.Tunneling.Api.Tests.csproj", "{F5D94A84-EA6A-4C13-A29A-529D03056D6E}"
EndProject
Global
	GlobalSection(SolutionConfigurationPlatforms) = preSolution
		Debug|Any CPU = Debug|Any CPU
		Release|Any CPU = Release|Any CPU
	EndGlobalSection
	GlobalSection(ProjectConfigurationPlatforms) = postSolution
		{9F69F5D9-7DF7-4E1E-853F-485FFC677E59}.Debug|Any CPU.ActiveCfg = Debug|Any CPU
		{9F69F5D9-7DF7-4E1E-853F-485FFC677E59}.Debug|Any CPU.Build.0 = Debug|Any CPU
		{9F69F5D9-7DF7-4E1E-853F-485FFC677E59}.Release|Any CPU.ActiveCfg = Release|Any CPU
		{9F69F5D9-7DF7-4E1E-853F-485FFC677E59}.Release|Any CPU.Build.0 = Release|Any CPU
		{C22D01A3-999F-4F0B-855E-4F75821013AB}.Debug|Any CPU.ActiveCfg = Debug|Any CPU
		{C22D01A3-999F-4F0B-855E-4F75821013AB}.Debug|Any CPU.Build.0 = Debug|Any CPU
		{C22D01A3-999F-4F0B-855E-4F75821013AB}.Release|Any CPU.ActiveCfg = Release|Any CPU
		{C22D01A3-999F-4F0B-855E-4F75821013AB}.Release|Any CPU.Build.0 = Release|Any CPU
		{F6B09A3F-1FB8-485F-B4AD-860A41EBEFFE}.Debug|Any CPU.ActiveCfg = Debug|Any CPU
		{F6B09A3F-1FB8-485F-B4AD-860A41EBEFFE}.Debug|Any CPU.Build.0 = Debug|Any CPU
		{F6B09A3F-1FB8-485F-B4AD-860A41EBEFFE}.Release|Any CPU.ActiveCfg = Release|Any CPU
		{F6B09A3F-1FB8-485F-B4AD-860A41EBEFFE}.Release|Any CPU.Build.0 = Release|Any CPU
		{E283F624-AA2B-46A8-8127-E3C6542AB3A8}.Debug|Any CPU.ActiveCfg = Debug|Any CPU
		{E283F624-AA2B-46A8-8127-E3C6542AB3A8}.Debug|Any CPU.Build.0 = Debug|Any CPU
		{E283F624-AA2B-46A8-8127-E3C6542AB3A8}.Release|Any CPU.ActiveCfg = Release|Any CPU
		{E283F624-AA2B-46A8-8127-E3C6542AB3A8}.Release|Any CPU.Build.0 = Release|Any CPU
		{755CD2BF-7015-48B2-93F0-E4E6BBD6FEC9}.Debug|Any CPU.ActiveCfg = Debug|Any CPU
		{755CD2BF-7015-48B2-93F0-E4E6BBD6FEC9}.Debug|Any CPU.Build.0 = Debug|Any CPU
		{755CD2BF-7015-48B2-93F0-E4E6BBD6FEC9}.Release|Any CPU.ActiveCfg = Release|Any CPU
		{755CD2BF-7015-48B2-93F0-E4E6BBD6FEC9}.Release|Any CPU.Build.0 = Release|Any CPU
		{E26B94FC-4B44-4300-9FCA-E15191ACEEFA}.Debug|Any CPU.ActiveCfg = Debug|Any CPU
		{E26B94FC-4B44-4300-9FCA-E15191ACEEFA}.Debug|Any CPU.Build.0 = Debug|Any CPU
		{E26B94FC-4B44-4300-9FCA-E15191ACEEFA}.Release|Any CPU.ActiveCfg = Release|Any CPU
		{E26B94FC-4B44-4300-9FCA-E15191ACEEFA}.Release|Any CPU.Build.0 = Release|Any CPU
		{809C1268-EE7C-40C8-965F-2A8A73A1A0B9}.Debug|Any CPU.ActiveCfg = Debug|Any CPU
		{809C1268-EE7C-40C8-965F-2A8A73A1A0B9}.Debug|Any CPU.Build.0 = Debug|Any CPU
		{809C1268-EE7C-40C8-965F-2A8A73A1A0B9}.Release|Any CPU.ActiveCfg = Release|Any CPU
		{809C1268-EE7C-40C8-965F-2A8A73A1A0B9}.Release|Any CPU.Build.0 = Release|Any CPU
		{F5D94A84-EA6A-4C13-A29A-529D03056D6E}.Debug|Any CPU.ActiveCfg = Debug|Any CPU
		{F5D94A84-EA6A-4C13-A29A-529D03056D6E}.Debug|Any CPU.Build.0 = Debug|Any CPU
		{F5D94A84-EA6A-4C13-A29A-529D03056D6E}.Release|Any CPU.ActiveCfg = Release|Any CPU
		{F5D94A84-EA6A-4C13-A29A-529D03056D6E}.Release|Any CPU.Build.0 = Release|Any CPU
	EndGlobalSection
	GlobalSection(SolutionProperties) = preSolution
		HideSolutionNode = FALSE
	EndGlobalSection
	GlobalSection(NestedProjects) = preSolution
		{9F69F5D9-7DF7-4E1E-853F-485FFC677E59} = {06D17307-7FB2-4E12-BF2B-59DBC5D3006A}
		{C22D01A3-999F-4F0B-855E-4F75821013AB} = {DF2755DB-9E1A-41E1-B30F-1164B2B50805}
		{06D17307-7FB2-4E12-BF2B-59DBC5D3006A} = {37234D29-7EC4-4D82-8321-1920EB3F7497}
		{DF2755DB-9E1A-41E1-B30F-1164B2B50805} = {37234D29-7EC4-4D82-8321-1920EB3F7497}
		{84B5101B-040B-4171-AA19-B54EA6E4474B} = {37234D29-7EC4-4D82-8321-1920EB3F7497}
		{F6B09A3F-1FB8-485F-B4AD-860A41EBEFFE} = {84B5101B-040B-4171-AA19-B54EA6E4474B}
		{BEE30165-7AAF-414F-919F-2C4E3DF3043F} = {37234D29-7EC4-4D82-8321-1920EB3F7497}
		{E283F624-AA2B-46A8-8127-E3C6542AB3A8} = {84B5101B-040B-4171-AA19-B54EA6E4474B}
		{755CD2BF-7015-48B2-93F0-E4E6BBD6FEC9} = {84B5101B-040B-4171-AA19-B54EA6E4474B}
		{E26B94FC-4B44-4300-9FCA-E15191ACEEFA} = {84B5101B-040B-4171-AA19-B54EA6E4474B}
		{809C1268-EE7C-40C8-965F-2A8A73A1A0B9} = {BEE30165-7AAF-414F-919F-2C4E3DF3043F}
		{F5D94A84-EA6A-4C13-A29A-529D03056D6E} = {BEE30165-7AAF-414F-919F-2C4E3DF3043F}
	EndGlobalSection
EndGlobal
